{
  "name": "vscode-open-in-github",
  "version": "2.3.0",
  "lockfileVersion": 3,
  "requires": true,
  "packages": {
    "": {
      "name": "vscode-open-in-github",
      "version": "2.3.0",
      "dependencies": {
        "vscode-extras": "^1.8.1"
      },
      "devDependencies": {
        "@types/node": "^22.13.9",
        "@types/vscode": "^1.97.0",
        "esbuild": "0.25.0",
        "scex": "^1.1.0",
        "tsex": "^4.0.2",
        "typescript": "^5.8.2"
      },
      "engines": {
        "vscode": "^1.87.0"
      }
    },
    "node_modules/@esbuild/linux-x64": {
      "version": "0.25.0",
      "resolved": "https://registry.npmjs.org/@esbuild/linux-x64/-/linux-x64-0.25.0.tgz",
      "integrity": "sha512-9yl91rHw/cpwMCNytUDxwj2XjFpxML0y9HAOH9pNVQDpQrBxHy01Dx+vaMu0N1CKa/RzBD2hB4u//nfc+Sd3Cw==",
      "cpu": [
        "x64"
      ],
      "dev": true,
      "license": "MIT",
      "optional": true,
      "os": [
        "linux"
      ],
      "engines": {
        "node": ">=18"
      }
    },
    "node_modules/@types/node": {
      "version": "22.13.9",
      "resolved": "https://registry.npmjs.org/@types/node/-/node-22.13.9.tgz",
      "integrity": "sha512-acBjXdRJ3A6Pb3tqnw9HZmyR3Fiol3aGxRCK1x3d+6CDAMjl7I649wpSd+yNURCjbOUGu9tqtLKnTGxmK6CyGw==",
      "license": "MIT",
      "dependencies": {
        "undici-types": "~6.20.0"
      }
    },
    "node_modules/@types/vscode": {
      "version": "1.98.0",
      "resolved": "https://registry.npmjs.org/@types/vscode/-/vscode-1.98.0.tgz",
      "integrity": "sha512-+KuiWhpbKBaG2egF+51KjbGWatTH5BbmWQjSLMDCssb4xF8FJnW4nGH4nuAdOOfMbpD0QlHtI+C3tPq+DoKElg==",
      "dev": true,
      "license": "MIT"
    },
    "node_modules/ansi-purge": {
      "version": "1.0.1",
      "resolved": "https://registry.npmjs.org/ansi-purge/-/ansi-purge-1.0.1.tgz",
      "integrity": "sha512-5NNMT7rljQ24DKHnIYG1qFXs8eUv5mZcT6kOPf5NopQUzpURBh/T4tbQw3TX//q3Zpw3JwVvsVHHsRKJesQHZQ==",
      "dev": true,
      "license": "MIT"
    },
    "node_modules/atomically": {
      "version": "2.0.3",
      "resolved": "https://registry.npmjs.org/atomically/-/atomically-2.0.3.tgz",
      "integrity": "sha512-kU6FmrwZ3Lx7/7y3hPS5QnbJfaohcIul5fGqf7ok+4KklIEk9tJ0C2IQPdacSbVUWv6zVHXEBWoWd6NrVMT7Cw==",
      "dev": true,
      "dependencies": {
        "stubborn-fs": "^1.2.5",
        "when-exit": "^2.1.1"
      }
    },
    "node_modules/dettle": {
      "version": "1.0.5",
      "resolved": "https://registry.npmjs.org/dettle/-/dettle-1.0.5.tgz",
      "integrity": "sha512-ZVyjhAJ7sCe1PNXEGveObOH9AC8QvMga3HJIghHawtG7mE4K5pW9nz/vDGAr/U7a3LWgdOzEE7ac9MURnyfaTA==",
      "dev": true,
      "license": "MIT"
    },
    "node_modules/esbuild": {
      "version": "0.25.0",
      "resolved": "https://registry.npmjs.org/esbuild/-/esbuild-0.25.0.tgz",
      "integrity": "sha512-BXq5mqc8ltbaN34cDqWuYKyNhX8D/Z0J1xdtdQ8UcIIIyJyz+ZMKUt58tF3SrZ85jcfN/PZYhjR5uDQAYNVbuw==",
      "dev": true,
      "hasInstallScript": true,
      "license": "MIT",
      "bin": {
        "esbuild": "bin/esbuild"
      },
      "engines": {
        "node": ">=18"
      },
      "optionalDependencies": {
        "@esbuild/aix-ppc64": "0.25.0",
        "@esbuild/android-arm": "0.25.0",
        "@esbuild/android-arm64": "0.25.0",
        "@esbuild/android-x64": "0.25.0",
        "@esbuild/darwin-arm64": "0.25.0",
        "@esbuild/darwin-x64": "0.25.0",
        "@esbuild/freebsd-arm64": "0.25.0",
        "@esbuild/freebsd-x64": "0.25.0",
        "@esbuild/linux-arm": "0.25.0",
        "@esbuild/linux-arm64": "0.25.0",
        "@esbuild/linux-ia32": "0.25.0",
        "@esbuild/linux-loong64": "0.25.0",
        "@esbuild/linux-mips64el": "0.25.0",
        "@esbuild/linux-ppc64": "0.25.0",
        "@esbuild/linux-riscv64": "0.25.0",
        "@esbuild/linux-s390x": "0.25.0",
        "@esbuild/linux-x64": "0.25.0",
        "@esbuild/netbsd-arm64": "0.25.0",
        "@esbuild/netbsd-x64": "0.25.0",
        "@esbuild/openbsd-arm64": "0.25.0",
        "@esbuild/openbsd-x64": "0.25.0",
        "@esbuild/sunos-x64": "0.25.0",
        "@esbuild/win32-arm64": "0.25.0",
        "@esbuild/win32-ia32": "0.25.0",
        "@esbuild/win32-x64": "0.25.0"
      }
    },
    "node_modules/fast-string-truncated-width": {
      "version": "1.2.1",
      "resolved": "https://registry.npmjs.org/fast-string-truncated-width/-/fast-string-truncated-width-1.2.1.tgz",
      "integrity": "sha512-Q9acT/+Uu3GwGj+5w/zsGuQjh9O1TyywhIwAxHudtWrgF09nHOPrvTLhQevPbttcxjr/SNN7mJmfOw/B1bXgow==",
      "dev": true,
      "license": "MIT"
    },
    "node_modules/fast-string-width": {
      "version": "1.1.0",
      "resolved": "https://registry.npmjs.org/fast-string-width/-/fast-string-width-1.1.0.tgz",
      "integrity": "sha512-O3fwIVIH5gKB38QNbdg+3760ZmGz0SZMgvwJbA1b2TGXceKE6A2cOlfogh1iw8lr049zPyd7YADHy+B7U4W9bQ==",
      "dev": true,
      "license": "MIT",
      "dependencies": {
        "fast-string-truncated-width": "^1.2.0"
      }
    },
    "node_modules/find-up-json": {
      "version": "2.0.5",
      "resolved": "https://registry.npmjs.org/find-up-json/-/find-up-json-2.0.5.tgz",
      "integrity": "sha512-1zZZUfD1GOOEEd1AqwbRmCkCCv1O9t0vOpCYgmzfJqKty8WKaKlDyxWej8Aew+vI5lvDiTviaQuaVuu6GzlHzQ==",
      "license": "MIT",
      "dependencies": {
        "find-up-path": "^1.0.1"
      }
    },
    "node_modules/find-up-path": {
      "version": "1.0.1",
      "resolved": "https://registry.npmjs.org/find-up-path/-/find-up-path-1.0.1.tgz",
      "integrity": "sha512-cl4Sfxufq9WK848L887b4r+NVZoBjMeB4QydPZ+pXbp6Jt2nUVspTo2svNOm48stIIeSxtuCsULa9+e+LMTzwA==",
      "license": "MIT"
    },
    "node_modules/get-current-package": {
      "version": "1.0.1",
      "resolved": "https://registry.npmjs.org/get-current-package/-/get-current-package-1.0.1.tgz",
      "integrity": "sha512-c/Rw5ByDQ+zg+Lh/emBWv0bDpugEFdmXPR6/srIemVtIvol0XbT0JAr8Db0cX+Jj/xY9wj1wdjeq2qNB35Tayg==",
      "dev": true,
      "license": "MIT",
      "dependencies": {
        "find-up-json": "^2.0.5"
      }
    },
    "node_modules/ionstore": {
      "version": "1.0.1",
      "resolved": "https://registry.npmjs.org/ionstore/-/ionstore-1.0.1.tgz",
      "integrity": "sha512-g+99vyka3EiNFJCnbq3NxegjV211RzGtkDUMbZGB01Con8ZqUmMx/FpWMeqgDXOqgM7QoVeDhe+CfYCWznaDVA==",
      "dev": true,
      "license": "MIT"
    },
    "node_modules/nanoexec": {
      "version": "1.1.0",
      "resolved": "https://registry.npmjs.org/nanoexec/-/nanoexec-1.1.0.tgz",
      "integrity": "sha512-AFEBFWI+4vgstL3Czpbn8yCKBgN+b2d0qPdBCjmrOf9OOUUpLqBr+JocLJCfA5OYxKSmoOdEm6OWO5QraTNtDg==",
      "dependencies": {
        "promise-make-naked": "^3.0.0"
      },
      "peerDependencies": {
        "@types/node": "*"
      }
    },
    "node_modules/promise-make-counter": {
      "version": "1.0.2",
      "resolved": "https://registry.npmjs.org/promise-make-counter/-/promise-make-counter-1.0.2.tgz",
      "integrity": "sha512-FJAxTBWQuQoAs4ZOYuKX1FHXxEgKLEzBxUvwr4RoOglkTpOjWuM+RXsK3M9q5lMa8kjqctUrhwYeZFT4ygsnag==",
      "dev": true,
      "license": "MIT",
      "dependencies": {
        "promise-make-naked": "^3.0.2"
      }
    },
    "node_modules/promise-make-naked": {
      "version": "3.0.2",
      "resolved": "https://registry.npmjs.org/promise-make-naked/-/promise-make-naked-3.0.2.tgz",
      "integrity": "sha512-B+b+kQ1YrYS7zO7P7bQcoqqMUizP06BOyNSBEnB5VJKDSWo8fsVuDkfSmwdjF0JsRtaNh83so5MMFJ95soH5jg==",
      "license": "MIT"
    },
    "node_modules/scex": {
      "version": "1.1.0",
      "resolved": "https://registry.npmjs.org/scex/-/scex-1.1.0.tgz",
      "integrity": "sha512-0V+ra841GHTfoZnF9yxuRmi8jbJ7tCU5yJKkhudkUhoxrkj9+tol0AMvnGjZbuhXEi8OGB553wP8Cxm6E83Yyw==",
      "dev": true,
      "dependencies": {
        "find-up-json": "^2.0.2",
        "specialist": "^1.2.0",
        "when-exit": "^2.1.0"
      },
      "bin": {
        "scex": "dist/bin.js"
      }
    },
    "node_modules/specialist": {
      "version": "1.4.5",
      "resolved": "https://registry.npmjs.org/specialist/-/specialist-1.4.5.tgz",
      "integrity": "sha512-4mPQEREzBUW2hzlXX/dWFbQdUWzpkqvMFVpUAdRlo1lUlhKMObDHiAo09oZ94x4cS3uWMJebPOTn+GaQYLfv3Q==",
      "dev": true,
      "license": "MIT",
      "dependencies": {
        "tiny-bin": "^1.10.3",
        "tiny-colors": "^2.2.2",
        "tiny-parse-argv": "^2.8.1",
        "tiny-updater": "^3.5.3"
      }
    },
    "node_modules/stubborn-fs": {
      "version": "1.2.5",
      "resolved": "https://registry.npmjs.org/stubborn-fs/-/stubborn-fs-1.2.5.tgz",
      "integrity": "sha512-H2N9c26eXjzL/S/K+i/RHHcFanE74dptvvjM8iwzwbVcWY/zjBbgRqF3K0DY4+OD+uTTASTBvDoxPDaPN02D7g==",
      "dev": true
    },
    "node_modules/tiny-bin": {
      "version": "1.11.1",
      "resolved": "https://registry.npmjs.org/tiny-bin/-/tiny-bin-1.11.1.tgz",
      "integrity": "sha512-UFC5EwtmCkFshKOBgXZzNFJsHpZrtbWZ/jQj+pwoIGUUbmenlQGGVDOwVqVOuG1nTxICSd+GLp3b+j7dUKZr2Q==",
      "dev": true,
      "license": "MIT",
      "dependencies": {
        "ansi-purge": "^1.0.1",
        "fast-string-width": "^1.1.0",
        "get-current-package": "^1.0.1",
        "tiny-colors": "^2.2.2",
        "tiny-levenshtein": "^1.0.1",
        "tiny-parse-argv": "^2.8.2",
        "tiny-updater": "^3.5.3"
      }
    },
    "node_modules/tiny-browser-open": {
      "version": "1.1.0",
      "resolved": "https://registry.npmjs.org/tiny-browser-open/-/tiny-browser-open-1.1.0.tgz",
      "integrity": "sha512-yYFGjbC2X37fDkEFSYC4Uvo0LzC9xn4sFBUD8unuz7z57u4lmdURKKC55LmeYT83ubxKBnbDXVOMNjOBy4BeXQ==",
      "license": "MIT",
      "dependencies": {
        "tiny-open": "^1.2.0"
      }
    },
    "node_modules/tiny-colors": {
      "version": "2.2.2",
      "resolved": "https://registry.npmjs.org/tiny-colors/-/tiny-colors-2.2.2.tgz",
      "integrity": "sha512-Elmv7JL+dX0c78caKEelH1nHHBskHzJkaqBRgVvQuxsvVA/Z9Fa2R3ZZtfmkkajcd18e96RLMwJvtFqC8jsZWA==",
      "dev": true,
      "license": "MIT"
    },
    "node_modules/tiny-levenshtein": {
      "version": "1.0.1",
      "resolved": "https://registry.npmjs.org/tiny-levenshtein/-/tiny-levenshtein-1.0.1.tgz",
      "integrity": "sha512-Q4rRa0pxGIbYoXQDejEDnonHt+QUTFrejaAxdv7h352/PWQBJ2eKsbzw1khvbIXKrpG1n2ZABX0A34oBGZXB2w==",
      "dev": true,
      "license": "MIT"
    },
    "node_modules/tiny-open": {
      "version": "1.2.0",
      "resolved": "https://registry.npmjs.org/tiny-open/-/tiny-open-1.2.0.tgz",
      "integrity": "sha512-Ibqpncj/mg8TIr1gzwq0cTJLV3kLcueZ3obb5PBw10DSqREYsPB1eI+7tg4DzBf6xptXLyr0juQIxmkPVFTNkQ==",
      "license": "MIT"
    },
    "node_modules/tiny-parse-argv": {
      "version": "2.8.2",
      "resolved": "https://registry.npmjs.org/tiny-parse-argv/-/tiny-parse-argv-2.8.2.tgz",
      "integrity": "sha512-RnIDHQ+r9zMuslQWVoRxfKVOumteeheQqbwNYJyQxzM2vzx/vdN5xAeL64F3rQOpfbVdxFkhM4zPDyfq7SxsBQ==",
      "dev": true,
      "license": "MIT"
    },
    "node_modules/tiny-readdir": {
      "version": "2.7.4",
      "resolved": "https://registry.npmjs.org/tiny-readdir/-/tiny-readdir-2.7.4.tgz",
      "integrity": "sha512-721U+zsYwDirjr8IM6jqpesD/McpZooeFi3Zc6mcjy1pse2C+v19eHPFRqz4chGXZFw7C3KITDjAtHETc2wj7Q==",
      "dev": true,
      "license": "MIT",
      "dependencies": {
        "promise-make-counter": "^1.0.2"
      }
    },
    "node_modules/tiny-updater": {
      "version": "3.5.3",
      "resolved": "https://registry.npmjs.org/tiny-updater/-/tiny-updater-3.5.3.tgz",
      "integrity": "sha512-wEUssfOOkVLg2raSaRbyZDHpVCDj6fnp7UjynpNE4XGuF+Gkj8GRRMoHdfk73VzLQs/AHKsbY8fCxXNz8Hx4Qg==",
      "dev": true,
      "license": "MIT",
      "dependencies": {
        "ionstore": "^1.0.1",
        "tiny-colors": "^2.2.2",
        "when-exit": "^2.1.4"
      }
    },
    "node_modules/tsex": {
      "version": "4.0.2",
      "resolved": "https://registry.npmjs.org/tsex/-/tsex-4.0.2.tgz",
      "integrity": "sha512-vp/uRp3qKS8NJuZfk2yCzpiLsxKCd0cW5FrS0JrCSrw0FSe/bNXgH1eVMHagTaWqWGjj6zpMQld37mWNW0l2qQ==",
      "dev": true,
      "dependencies": {
        "atomically": "^2.0.3",
        "dettle": "^1.0.2",
        "specialist": "^1.4.0",
        "tiny-readdir": "^2.7.2",
        "watcher": "^2.3.1"
      },
      "bin": {
        "tsex": "dist/bin.js"
      }
    },
    "node_modules/typescript": {
      "version": "5.8.2",
      "resolved": "https://registry.npmjs.org/typescript/-/typescript-5.8.2.tgz",
      "integrity": "sha512-aJn6wq13/afZp/jT9QZmwEjDqqvSGp1VT5GVg+f/t6/oVyrgXM6BY1h9BRh/O5p3PlUPAe+WuiEZOmb/49RqoQ==",
      "dev": true,
      "license": "Apache-2.0",
      "bin": {
        "tsc": "bin/tsc",
        "tsserver": "bin/tsserver"
      },
      "engines": {
        "node": ">=14.17"
      }
    },
    "node_modules/undici-types": {
      "version": "6.20.0",
      "resolved": "https://registry.npmjs.org/undici-types/-/undici-types-6.20.0.tgz",
      "integrity": "sha512-Ny6QZ2Nju20vw1SRHe3d9jVu6gJ+4e3+MMpqu7pqE5HT6WsTSlce++GQmK5UXS8mzV8DSYHrQH+Xrf2jVcuKNg==",
      "license": "MIT"
    },
    "node_modules/vscode-extras": {
      "version": "1.8.1",
      "resolved": "https://registry.npmjs.org/vscode-extras/-/vscode-extras-1.8.1.tgz",
      "integrity": "sha512-WvUtaxjt3XHqlmzkY63iLyEfvgvYFzYkrE6pKXip4qbmw6VJ9qzeyyWdLNbv7XIuF+MXTdTkhJPTUSg/J3ASzw==",
      "dependencies": {
        "find-up-json": "^2.0.4",
        "find-up-path": "^1.0.0",
        "nanoexec": "^1.0.0",
        "tiny-browser-open": "^1.0.1",
        "tiny-open": "^1.1.1"
      }
    },
    "node_modules/watcher": {
      "version": "2.3.1",
      "resolved": "https://registry.npmjs.org/watcher/-/watcher-2.3.1.tgz",
      "integrity": "sha512-d3yl+ey35h05r5EFP0TafE2jsmQUJ9cc2aernRVyAkZiu0J3+3TbNugNcqdUJDoWOfL2p+bNsN427stsBC/HnA==",
      "dev": true,
      "dependencies": {
        "dettle": "^1.0.2",
        "stubborn-fs": "^1.2.5",
        "tiny-readdir": "^2.7.2"
      }
    },
    "node_modules/when-exit": {
      "version": "2.1.4",
      "resolved": "https://registry.npmjs.org/when-exit/-/when-exit-2.1.4.tgz",
      "integrity": "sha512-4rnvd3A1t16PWzrBUcSDZqcAmsUIy4minDXT/CZ8F2mVDgd65i4Aalimgz1aQkRGU0iH5eT5+6Rx2TK8o443Pg==",
      "dev": true,
      "license": "MIT"
    }
  }
}
