lockfileVersion: '9.0'

settings:
  autoInstallPeers: true
  excludeLinksFromLockfile: false

importers:

  .:
    dependencies:
      vscode-extras:
        specifier: ^1.8.1
        version: 1.8.1(@types/node@18.19.79)
    devDependencies:
      '@types/node':
        specifier: ^18.19.79
        version: 18.19.79
      '@types/vscode':
        specifier: ^1.97.0
        version: 1.97.0
      esbuild:
        specifier: 0.20.1
        version: 0.20.1
      scex:
        specifier: ^1.1.0
        version: 1.1.0
      tsex:
        specifier: ^3.2.1
        version: 3.2.1
      typescript:
        specifier: ^5.8.2
        version: 5.8.2

packages:

  '@esbuild/aix-ppc64@0.20.1':
    resolution: {integrity: sha512-m55cpeupQ2DbuRGQMMZDzbv9J9PgVelPjlcmM5kxHnrBdBx6REaEd7LamYV7Dm8N7rCyR/XwU6rVP8ploKtIkA==}
    engines: {node: '>=12'}
    cpu: [ppc64]
    os: [aix]

  '@esbuild/android-arm64@0.20.1':
    resolution: {integrity: sha512-hCnXNF0HM6AjowP+Zou0ZJMWWa1VkD77BXe959zERgGJBBxB+sV+J9f/rcjeg2c5bsukD/n17RKWXGFCO5dD5A==}
    engines: {node: '>=12'}
    cpu: [arm64]
    os: [android]

  '@esbuild/android-arm@0.20.1':
    resolution: {integrity: sha512-4j0+G27/2ZXGWR5okcJi7pQYhmkVgb4D7UKwxcqrjhvp5TKWx3cUjgB1CGj1mfdmJBQ9VnUGgUhign+FPF2Zgw==}
    engines: {node: '>=12'}
    cpu: [arm]
    os: [android]

  '@esbuild/android-x64@0.20.1':
    resolution: {integrity: sha512-MSfZMBoAsnhpS+2yMFYIQUPs8Z19ajwfuaSZx+tSl09xrHZCjbeXXMsUF/0oq7ojxYEpsSo4c0SfjxOYXRbpaA==}
    engines: {node: '>=12'}
    cpu: [x64]
    os: [android]

  '@esbuild/darwin-arm64@0.20.1':
    resolution: {integrity: sha512-Ylk6rzgMD8klUklGPzS414UQLa5NPXZD5tf8JmQU8GQrj6BrFA/Ic9tb2zRe1kOZyCbGl+e8VMbDRazCEBqPvA==}
    engines: {node: '>=12'}
    cpu: [arm64]
    os: [darwin]

  '@esbuild/darwin-x64@0.20.1':
    resolution: {integrity: sha512-pFIfj7U2w5sMp52wTY1XVOdoxw+GDwy9FsK3OFz4BpMAjvZVs0dT1VXs8aQm22nhwoIWUmIRaE+4xow8xfIDZA==}
    engines: {node: '>=12'}
    cpu: [x64]
    os: [darwin]

  '@esbuild/freebsd-arm64@0.20.1':
    resolution: {integrity: sha512-UyW1WZvHDuM4xDz0jWun4qtQFauNdXjXOtIy7SYdf7pbxSWWVlqhnR/T2TpX6LX5NI62spt0a3ldIIEkPM6RHw==}
    engines: {node: '>=12'}
    cpu: [arm64]
    os: [freebsd]

  '@esbuild/freebsd-x64@0.20.1':
    resolution: {integrity: sha512-itPwCw5C+Jh/c624vcDd9kRCCZVpzpQn8dtwoYIt2TJF3S9xJLiRohnnNrKwREvcZYx0n8sCSbvGH349XkcQeg==}
    engines: {node: '>=12'}
    cpu: [x64]
    os: [freebsd]

  '@esbuild/linux-arm64@0.20.1':
    resolution: {integrity: sha512-cX8WdlF6Cnvw/DO9/X7XLH2J6CkBnz7Twjpk56cshk9sjYVcuh4sXQBy5bmTwzBjNVZze2yaV1vtcJS04LbN8w==}
    engines: {node: '>=12'}
    cpu: [arm64]
    os: [linux]

  '@esbuild/linux-arm@0.20.1':
    resolution: {integrity: sha512-LojC28v3+IhIbfQ+Vu4Ut5n3wKcgTu6POKIHN9Wpt0HnfgUGlBuyDDQR4jWZUZFyYLiz4RBBBmfU6sNfn6RhLw==}
    engines: {node: '>=12'}
    cpu: [arm]
    os: [linux]

  '@esbuild/linux-ia32@0.20.1':
    resolution: {integrity: sha512-4H/sQCy1mnnGkUt/xszaLlYJVTz3W9ep52xEefGtd6yXDQbz/5fZE5dFLUgsPdbUOQANcVUa5iO6g3nyy5BJiw==}
    engines: {node: '>=12'}
    cpu: [ia32]
    os: [linux]

  '@esbuild/linux-loong64@0.20.1':
    resolution: {integrity: sha512-c0jgtB+sRHCciVXlyjDcWb2FUuzlGVRwGXgI+3WqKOIuoo8AmZAddzeOHeYLtD+dmtHw3B4Xo9wAUdjlfW5yYA==}
    engines: {node: '>=12'}
    cpu: [loong64]
    os: [linux]

  '@esbuild/linux-mips64el@0.20.1':
    resolution: {integrity: sha512-TgFyCfIxSujyuqdZKDZ3yTwWiGv+KnlOeXXitCQ+trDODJ+ZtGOzLkSWngynP0HZnTsDyBbPy7GWVXWaEl6lhA==}
    engines: {node: '>=12'}
    cpu: [mips64el]
    os: [linux]

  '@esbuild/linux-ppc64@0.20.1':
    resolution: {integrity: sha512-b+yuD1IUeL+Y93PmFZDZFIElwbmFfIKLKlYI8M6tRyzE6u7oEP7onGk0vZRh8wfVGC2dZoy0EqX1V8qok4qHaw==}
    engines: {node: '>=12'}
    cpu: [ppc64]
    os: [linux]

  '@esbuild/linux-riscv64@0.20.1':
    resolution: {integrity: sha512-wpDlpE0oRKZwX+GfomcALcouqjjV8MIX8DyTrxfyCfXxoKQSDm45CZr9fanJ4F6ckD4yDEPT98SrjvLwIqUCgg==}
    engines: {node: '>=12'}
    cpu: [riscv64]
    os: [linux]

  '@esbuild/linux-s390x@0.20.1':
    resolution: {integrity: sha512-5BepC2Au80EohQ2dBpyTquqGCES7++p7G+7lXe1bAIvMdXm4YYcEfZtQrP4gaoZ96Wv1Ute61CEHFU7h4FMueQ==}
    engines: {node: '>=12'}
    cpu: [s390x]
    os: [linux]

  '@esbuild/linux-x64@0.20.1':
    resolution: {integrity: sha512-5gRPk7pKuaIB+tmH+yKd2aQTRpqlf1E4f/mC+tawIm/CGJemZcHZpp2ic8oD83nKgUPMEd0fNanrnFljiruuyA==}
    engines: {node: '>=12'}
    cpu: [x64]
    os: [linux]

  '@esbuild/netbsd-x64@0.20.1':
    resolution: {integrity: sha512-4fL68JdrLV2nVW2AaWZBv3XEm3Ae3NZn/7qy2KGAt3dexAgSVT+Hc97JKSZnqezgMlv9x6KV0ZkZY7UO5cNLCg==}
    engines: {node: '>=12'}
    cpu: [x64]
    os: [netbsd]

  '@esbuild/openbsd-x64@0.20.1':
    resolution: {integrity: sha512-GhRuXlvRE+twf2ES+8REbeCb/zeikNqwD3+6S5y5/x+DYbAQUNl0HNBs4RQJqrechS4v4MruEr8ZtAin/hK5iw==}
    engines: {node: '>=12'}
    cpu: [x64]
    os: [openbsd]

  '@esbuild/sunos-x64@0.20.1':
    resolution: {integrity: sha512-ZnWEyCM0G1Ex6JtsygvC3KUUrlDXqOihw8RicRuQAzw+c4f1D66YlPNNV3rkjVW90zXVsHwZYWbJh3v+oQFM9Q==}
    engines: {node: '>=12'}
    cpu: [x64]
    os: [sunos]

  '@esbuild/win32-arm64@0.20.1':
    resolution: {integrity: sha512-QZ6gXue0vVQY2Oon9WyLFCdSuYbXSoxaZrPuJ4c20j6ICedfsDilNPYfHLlMH7vGfU5DQR0czHLmJvH4Nzis/A==}
    engines: {node: '>=12'}
    cpu: [arm64]
    os: [win32]

  '@esbuild/win32-ia32@0.20.1':
    resolution: {integrity: sha512-HzcJa1NcSWTAU0MJIxOho8JftNp9YALui3o+Ny7hCh0v5f90nprly1U3Sj1Ldj/CvKKdvvFsCRvDkpsEMp4DNw==}
    engines: {node: '>=12'}
    cpu: [ia32]
    os: [win32]

  '@esbuild/win32-x64@0.20.1':
    resolution: {integrity: sha512-0MBh53o6XtI6ctDnRMeQ+xoCN8kD2qI1rY1KgF/xdWQwoFeKou7puvDfV8/Wv4Ctx2rRpET/gGdz3YlNtNACSA==}
    engines: {node: '>=12'}
    cpu: [x64]
    os: [win32]

  '@types/node@18.19.79':
    resolution: {integrity: sha512-90K8Oayimbctc5zTPHPfZloc/lGVs7f3phUAAMcTgEPtg8kKquGZDERC8K4vkBYkQQh48msiYUslYtxTWvqcAg==}

  '@types/vscode@1.97.0':
    resolution: {integrity: sha512-ueE73loeOTe7olaVyqP9mrRI54kVPJifUPjblZo9fYcv1CuVLPOEKEkqW0GkqPC454+nCEoigLWnC2Pp7prZ9w==}

  ansi-purge@1.0.1:
    resolution: {integrity: sha512-5NNMT7rljQ24DKHnIYG1qFXs8eUv5mZcT6kOPf5NopQUzpURBh/T4tbQw3TX//q3Zpw3JwVvsVHHsRKJesQHZQ==}

  atomically@2.0.3:
    resolution: {integrity: sha512-kU6FmrwZ3Lx7/7y3hPS5QnbJfaohcIul5fGqf7ok+4KklIEk9tJ0C2IQPdacSbVUWv6zVHXEBWoWd6NrVMT7Cw==}

  dettle@1.0.5:
    resolution: {integrity: sha512-ZVyjhAJ7sCe1PNXEGveObOH9AC8QvMga3HJIghHawtG7mE4K5pW9nz/vDGAr/U7a3LWgdOzEE7ac9MURnyfaTA==}

  esbuild@0.20.1:
    resolution: {integrity: sha512-OJwEgrpWm/PCMsLVWXKqvcjme3bHNpOgN7Tb6cQnR5n0TPbQx1/Xrn7rqM+wn17bYeT6MGB5sn1Bh5YiGi70nA==}
    engines: {node: '>=12'}
    hasBin: true

  fast-string-truncated-width@1.2.1:
    resolution: {integrity: sha512-Q9acT/+Uu3GwGj+5w/zsGuQjh9O1TyywhIwAxHudtWrgF09nHOPrvTLhQevPbttcxjr/SNN7mJmfOw/B1bXgow==}

  fast-string-width@1.1.0:
    resolution: {integrity: sha512-O3fwIVIH5gKB38QNbdg+3760ZmGz0SZMgvwJbA1b2TGXceKE6A2cOlfogh1iw8lr049zPyd7YADHy+B7U4W9bQ==}

  find-up-json@2.0.5:
    resolution: {integrity: sha512-1zZZUfD1GOOEEd1AqwbRmCkCCv1O9t0vOpCYgmzfJqKty8WKaKlDyxWej8Aew+vI5lvDiTviaQuaVuu6GzlHzQ==}

  find-up-path@1.0.1:
    resolution: {integrity: sha512-cl4Sfxufq9WK848L887b4r+NVZoBjMeB4QydPZ+pXbp6Jt2nUVspTo2svNOm48stIIeSxtuCsULa9+e+LMTzwA==}

  get-current-package@1.0.1:
    resolution: {integrity: sha512-c/Rw5ByDQ+zg+Lh/emBWv0bDpugEFdmXPR6/srIemVtIvol0XbT0JAr8Db0cX+Jj/xY9wj1wdjeq2qNB35Tayg==}

  ionstore@1.0.1:
    resolution: {integrity: sha512-g+99vyka3EiNFJCnbq3NxegjV211RzGtkDUMbZGB01Con8ZqUmMx/FpWMeqgDXOqgM7QoVeDhe+CfYCWznaDVA==}

  nanoexec@1.1.0:
    resolution: {integrity: sha512-AFEBFWI+4vgstL3Czpbn8yCKBgN+b2d0qPdBCjmrOf9OOUUpLqBr+JocLJCfA5OYxKSmoOdEm6OWO5QraTNtDg==}
    peerDependencies:
      '@types/node': '*'

  promise-make-counter@1.0.2:
    resolution: {integrity: sha512-FJAxTBWQuQoAs4ZOYuKX1FHXxEgKLEzBxUvwr4RoOglkTpOjWuM+RXsK3M9q5lMa8kjqctUrhwYeZFT4ygsnag==}

  promise-make-naked@3.0.2:
    resolution: {integrity: sha512-B+b+kQ1YrYS7zO7P7bQcoqqMUizP06BOyNSBEnB5VJKDSWo8fsVuDkfSmwdjF0JsRtaNh83so5MMFJ95soH5jg==}

  scex@1.1.0:
    resolution: {integrity: sha512-0V+ra841GHTfoZnF9yxuRmi8jbJ7tCU5yJKkhudkUhoxrkj9+tol0AMvnGjZbuhXEi8OGB553wP8Cxm6E83Yyw==}
    hasBin: true

  specialist@1.4.5:
    resolution: {integrity: sha512-4mPQEREzBUW2hzlXX/dWFbQdUWzpkqvMFVpUAdRlo1lUlhKMObDHiAo09oZ94x4cS3uWMJebPOTn+GaQYLfv3Q==}

  stubborn-fs@1.2.5:
    resolution: {integrity: sha512-H2N9c26eXjzL/S/K+i/RHHcFanE74dptvvjM8iwzwbVcWY/zjBbgRqF3K0DY4+OD+uTTASTBvDoxPDaPN02D7g==}

  tiny-bin@1.11.1:
    resolution: {integrity: sha512-UFC5EwtmCkFshKOBgXZzNFJsHpZrtbWZ/jQj+pwoIGUUbmenlQGGVDOwVqVOuG1nTxICSd+GLp3b+j7dUKZr2Q==}

  tiny-browser-open@1.1.0:
    resolution: {integrity: sha512-yYFGjbC2X37fDkEFSYC4Uvo0LzC9xn4sFBUD8unuz7z57u4lmdURKKC55LmeYT83ubxKBnbDXVOMNjOBy4BeXQ==}

  tiny-colors@2.2.2:
    resolution: {integrity: sha512-Elmv7JL+dX0c78caKEelH1nHHBskHzJkaqBRgVvQuxsvVA/Z9Fa2R3ZZtfmkkajcd18e96RLMwJvtFqC8jsZWA==}

  tiny-jsonc@1.0.2:
    resolution: {integrity: sha512-f5QDAfLq6zIVSyCZQZhhyl0QS6MvAyTxgz4X4x3+EoCktNWEYJ6PeoEA97fyb98njpBNNi88ybpD7m+BDFXaCw==}

  tiny-levenshtein@1.0.1:
    resolution: {integrity: sha512-Q4rRa0pxGIbYoXQDejEDnonHt+QUTFrejaAxdv7h352/PWQBJ2eKsbzw1khvbIXKrpG1n2ZABX0A34oBGZXB2w==}

  tiny-open@1.2.0:
    resolution: {integrity: sha512-Ibqpncj/mg8TIr1gzwq0cTJLV3kLcueZ3obb5PBw10DSqREYsPB1eI+7tg4DzBf6xptXLyr0juQIxmkPVFTNkQ==}

  tiny-parse-argv@2.8.2:
    resolution: {integrity: sha512-RnIDHQ+r9zMuslQWVoRxfKVOumteeheQqbwNYJyQxzM2vzx/vdN5xAeL64F3rQOpfbVdxFkhM4zPDyfq7SxsBQ==}

  tiny-readdir@2.7.4:
    resolution: {integrity: sha512-721U+zsYwDirjr8IM6jqpesD/McpZooeFi3Zc6mcjy1pse2C+v19eHPFRqz4chGXZFw7C3KITDjAtHETc2wj7Q==}

  tiny-updater@3.5.3:
    resolution: {integrity: sha512-wEUssfOOkVLg2raSaRbyZDHpVCDj6fnp7UjynpNE4XGuF+Gkj8GRRMoHdfk73VzLQs/AHKsbY8fCxXNz8Hx4Qg==}

  tsex@3.2.1:
    resolution: {integrity: sha512-Qtxlma+ylfx9uaHlZQkJcukFp8y1LWXsXJxT7lz2GgLZ+5G+Ebz3NOUDAW7+0sqgWSZXAG/tDfczyR9PMUuHDg==}
    hasBin: true

  typescript@5.8.2:
    resolution: {integrity: sha512-aJn6wq13/afZp/jT9QZmwEjDqqvSGp1VT5GVg+f/t6/oVyrgXM6BY1h9BRh/O5p3PlUPAe+WuiEZOmb/49RqoQ==}
    engines: {node: '>=14.17'}
    hasBin: true

  undici-types@5.26.5:
    resolution: {integrity: sha512-JlCMO+ehdEIKqlFxk6IfVoAUVmgz7cU7zD/h9XZ0qzeosSHmUJVOzSQvvYSYWXkFXC+IfLKSIffhv0sVZup6pA==}

  vscode-extras@1.8.1:
    resolution: {integrity: sha512-WvUtaxjt3XHqlmzkY63iLyEfvgvYFzYkrE6pKXip4qbmw6VJ9qzeyyWdLNbv7XIuF+MXTdTkhJPTUSg/J3ASzw==}

  watcher@2.3.1:
    resolution: {integrity: sha512-d3yl+ey35h05r5EFP0TafE2jsmQUJ9cc2aernRVyAkZiu0J3+3TbNugNcqdUJDoWOfL2p+bNsN427stsBC/HnA==}

  when-exit@2.1.4:
    resolution: {integrity: sha512-4rnvd3A1t16PWzrBUcSDZqcAmsUIy4minDXT/CZ8F2mVDgd65i4Aalimgz1aQkRGU0iH5eT5+6Rx2TK8o443Pg==}

snapshots:

  '@esbuild/aix-ppc64@0.20.1':
    optional: true

  '@esbuild/android-arm64@0.20.1':
    optional: true

  '@esbuild/android-arm@0.20.1':
    optional: true

  '@esbuild/android-x64@0.20.1':
    optional: true

  '@esbuild/darwin-arm64@0.20.1':
    optional: true

  '@esbuild/darwin-x64@0.20.1':
    optional: true

  '@esbuild/freebsd-arm64@0.20.1':
    optional: true

  '@esbuild/freebsd-x64@0.20.1':
    optional: true

  '@esbuild/linux-arm64@0.20.1':
    optional: true

  '@esbuild/linux-arm@0.20.1':
    optional: true

  '@esbuild/linux-ia32@0.20.1':
    optional: true

  '@esbuild/linux-loong64@0.20.1':
    optional: true

  '@esbuild/linux-mips64el@0.20.1':
    optional: true

  '@esbuild/linux-ppc64@0.20.1':
    optional: true

  '@esbuild/linux-riscv64@0.20.1':
    optional: true

  '@esbuild/linux-s390x@0.20.1':
    optional: true

  '@esbuild/linux-x64@0.20.1':
    optional: true

  '@esbuild/netbsd-x64@0.20.1':
    optional: true

  '@esbuild/openbsd-x64@0.20.1':
    optional: true

  '@esbuild/sunos-x64@0.20.1':
    optional: true

  '@esbuild/win32-arm64@0.20.1':
    optional: true

  '@esbuild/win32-ia32@0.20.1':
    optional: true

  '@esbuild/win32-x64@0.20.1':
    optional: true

  '@types/node@18.19.79':
    dependencies:
      undici-types: 5.26.5

  '@types/vscode@1.97.0': {}

  ansi-purge@1.0.1: {}

  atomically@2.0.3:
    dependencies:
      stubborn-fs: 1.2.5
      when-exit: 2.1.4

  dettle@1.0.5: {}

  esbuild@0.20.1:
    optionalDependencies:
      '@esbuild/aix-ppc64': 0.20.1
      '@esbuild/android-arm': 0.20.1
      '@esbuild/android-arm64': 0.20.1
      '@esbuild/android-x64': 0.20.1
      '@esbuild/darwin-arm64': 0.20.1
      '@esbuild/darwin-x64': 0.20.1
      '@esbuild/freebsd-arm64': 0.20.1
      '@esbuild/freebsd-x64': 0.20.1
      '@esbuild/linux-arm': 0.20.1
      '@esbuild/linux-arm64': 0.20.1
      '@esbuild/linux-ia32': 0.20.1
      '@esbuild/linux-loong64': 0.20.1
      '@esbuild/linux-mips64el': 0.20.1
      '@esbuild/linux-ppc64': 0.20.1
      '@esbuild/linux-riscv64': 0.20.1
      '@esbuild/linux-s390x': 0.20.1
      '@esbuild/linux-x64': 0.20.1
      '@esbuild/netbsd-x64': 0.20.1
      '@esbuild/openbsd-x64': 0.20.1
      '@esbuild/sunos-x64': 0.20.1
      '@esbuild/win32-arm64': 0.20.1
      '@esbuild/win32-ia32': 0.20.1
      '@esbuild/win32-x64': 0.20.1

  fast-string-truncated-width@1.2.1: {}

  fast-string-width@1.1.0:
    dependencies:
      fast-string-truncated-width: 1.2.1

  find-up-json@2.0.5:
    dependencies:
      find-up-path: 1.0.1

  find-up-path@1.0.1: {}

  get-current-package@1.0.1:
    dependencies:
      find-up-json: 2.0.5

  ionstore@1.0.1: {}

  nanoexec@1.1.0(@types/node@18.19.79):
    dependencies:
      '@types/node': 18.19.79
      promise-make-naked: 3.0.2

  promise-make-counter@1.0.2:
    dependencies:
      promise-make-naked: 3.0.2

  promise-make-naked@3.0.2: {}

  scex@1.1.0:
    dependencies:
      find-up-json: 2.0.5
      specialist: 1.4.5
      when-exit: 2.1.4

  specialist@1.4.5:
    dependencies:
      tiny-bin: 1.11.1
      tiny-colors: 2.2.2
      tiny-parse-argv: 2.8.2
      tiny-updater: 3.5.3

  stubborn-fs@1.2.5: {}

  tiny-bin@1.11.1:
    dependencies:
      ansi-purge: 1.0.1
      fast-string-width: 1.1.0
      get-current-package: 1.0.1
      tiny-colors: 2.2.2
      tiny-levenshtein: 1.0.1
      tiny-parse-argv: 2.8.2
      tiny-updater: 3.5.3

  tiny-browser-open@1.1.0:
    dependencies:
      tiny-open: 1.2.0

  tiny-colors@2.2.2: {}

  tiny-jsonc@1.0.2: {}

  tiny-levenshtein@1.0.1: {}

  tiny-open@1.2.0: {}

  tiny-parse-argv@2.8.2: {}

  tiny-readdir@2.7.4:
    dependencies:
      promise-make-counter: 1.0.2

  tiny-updater@3.5.3:
    dependencies:
      ionstore: 1.0.1
      tiny-colors: 2.2.2
      when-exit: 2.1.4

  tsex@3.2.1:
    dependencies:
      atomically: 2.0.3
      dettle: 1.0.5
      specialist: 1.4.5
      tiny-jsonc: 1.0.2
      tiny-readdir: 2.7.4
      watcher: 2.3.1

  typescript@5.8.2: {}

  undici-types@5.26.5: {}

  vscode-extras@1.8.1(@types/node@18.19.79):
    dependencies:
      find-up-json: 2.0.5
      find-up-path: 1.0.1
      nanoexec: 1.1.0(@types/node@18.19.79)
      tiny-browser-open: 1.1.0
      tiny-open: 1.2.0
    transitivePeerDependencies:
      - '@types/node'

  watcher@2.3.1:
    dependencies:
      dettle: 1.0.5
      stubborn-fs: 1.2.5
      tiny-readdir: 2.7.4

  when-exit@2.1.4: {}
