lockfileVersion: '9.0'

settings:
  autoInstallPeers: true
  excludeLinksFromLockfile: false

importers:

  .:
    dependencies:
      vscode-extras:
        specifier: ^1.6.1
        version: 1.8.1(@types/node@18.19.45)
    devDependencies:
      '@types/node':
        specifier: ^18.19.23
        version: 18.19.45
      '@types/vscode':
        specifier: ^1.87.0
        version: 1.92.0
      esbuild:
        specifier: 0.20.1
        version: 0.20.1
      scex:
        specifier: ^1.1.0
        version: 1.1.0
      tsex:
        specifier: ^3.2.0
        version: 3.2.1
      typescript:
        specifier: ^5.4.2
        version: 5.5.4

packages:

  '@esbuild/aix-ppc64@0.20.1':
    resolution: {integrity: sha512-m55cpeupQ2DbuRGQMMZDzbv9J9PgVelPjlcmM5kxHnrBdBx6REaEd7LamYV7Dm8N7rCyR/XwU6rVP8ploKtIkA==}
    engines: {node: '>=12'}
    cpu: [ppc64]
    os: [aix]

  '@esbuild/android-arm64@0.20.1':
    resolution: {integrity: sha512-hCnXNF0HM6AjowP+Zou0ZJMWWa1VkD77BXe959zERgGJBBxB+sV+J9f/rcjeg2c5bsukD/n17RKWXGFCO5dD5A==}
    engines: {node: '>=12'}
    cpu: [arm64]
    os: [android]

  '@esbuild/android-arm@0.20.1':
    resolution: {integrity: sha512-4j0+G27/2ZXGWR5okcJi7pQYhmkVgb4D7UKwxcqrjhvp5TKWx3cUjgB1CGj1mfdmJBQ9VnUGgUhign+FPF2Zgw==}
    engines: {node: '>=12'}
    cpu: [arm]
    os: [android]

  '@esbuild/android-x64@0.20.1':
    resolution: {integrity: sha512-MSfZMBoAsnhpS+2yMFYIQUPs8Z19ajwfuaSZx+tSl09xrHZCjbeXXMsUF/0oq7ojxYEpsSo4c0SfjxOYXRbpaA==}
    engines: {node: '>=12'}
    cpu: [x64]
    os: [android]

  '@esbuild/darwin-arm64@0.20.1':
    resolution: {integrity: sha512-Ylk6rzgMD8klUklGPzS414UQLa5NPXZD5tf8JmQU8GQrj6BrFA/Ic9tb2zRe1kOZyCbGl+e8VMbDRazCEBqPvA==}
    engines: {node: '>=12'}
    cpu: [arm64]
    os: [darwin]

  '@esbuild/darwin-x64@0.20.1':
    resolution: {integrity: sha512-pFIfj7U2w5sMp52wTY1XVOdoxw+GDwy9FsK3OFz4BpMAjvZVs0dT1VXs8aQm22nhwoIWUmIRaE+4xow8xfIDZA==}
    engines: {node: '>=12'}
    cpu: [x64]
    os: [darwin]

  '@esbuild/freebsd-arm64@0.20.1':
    resolution: {integrity: sha512-UyW1WZvHDuM4xDz0jWun4qtQFauNdXjXOtIy7SYdf7pbxSWWVlqhnR/T2TpX6LX5NI62spt0a3ldIIEkPM6RHw==}
    engines: {node: '>=12'}
    cpu: [arm64]
    os: [freebsd]

  '@esbuild/freebsd-x64@0.20.1':
    resolution: {integrity: sha512-itPwCw5C+Jh/c624vcDd9kRCCZVpzpQn8dtwoYIt2TJF3S9xJLiRohnnNrKwREvcZYx0n8sCSbvGH349XkcQeg==}
    engines: {node: '>=12'}
    cpu: [x64]
    os: [freebsd]

  '@esbuild/linux-arm64@0.20.1':
    resolution: {integrity: sha512-cX8WdlF6Cnvw/DO9/X7XLH2J6CkBnz7Twjpk56cshk9sjYVcuh4sXQBy5bmTwzBjNVZze2yaV1vtcJS04LbN8w==}
    engines: {node: '>=12'}
    cpu: [arm64]
    os: [linux]

  '@esbuild/linux-arm@0.20.1':
    resolution: {integrity: sha512-LojC28v3+IhIbfQ+Vu4Ut5n3wKcgTu6POKIHN9Wpt0HnfgUGlBuyDDQR4jWZUZFyYLiz4RBBBmfU6sNfn6RhLw==}
    engines: {node: '>=12'}
    cpu: [arm]
    os: [linux]

  '@esbuild/linux-ia32@0.20.1':
    resolution: {integrity: sha512-4H/sQCy1mnnGkUt/xszaLlYJVTz3W9ep52xEefGtd6yXDQbz/5fZE5dFLUgsPdbUOQANcVUa5iO6g3nyy5BJiw==}
    engines: {node: '>=12'}
    cpu: [ia32]
    os: [linux]

  '@esbuild/linux-loong64@0.20.1':
    resolution: {integrity: sha512-c0jgtB+sRHCciVXlyjDcWb2FUuzlGVRwGXgI+3WqKOIuoo8AmZAddzeOHeYLtD+dmtHw3B4Xo9wAUdjlfW5yYA==}
    engines: {node: '>=12'}
    cpu: [loong64]
    os: [linux]

  '@esbuild/linux-mips64el@0.20.1':
    resolution: {integrity: sha512-TgFyCfIxSujyuqdZKDZ3yTwWiGv+KnlOeXXitCQ+trDODJ+ZtGOzLkSWngynP0HZnTsDyBbPy7GWVXWaEl6lhA==}
    engines: {node: '>=12'}
    cpu: [mips64el]
    os: [linux]

  '@esbuild/linux-ppc64@0.20.1':
    resolution: {integrity: sha512-b+yuD1IUeL+Y93PmFZDZFIElwbmFfIKLKlYI8M6tRyzE6u7oEP7onGk0vZRh8wfVGC2dZoy0EqX1V8qok4qHaw==}
    engines: {node: '>=12'}
    cpu: [ppc64]
    os: [linux]

  '@esbuild/linux-riscv64@0.20.1':
    resolution: {integrity: sha512-wpDlpE0oRKZwX+GfomcALcouqjjV8MIX8DyTrxfyCfXxoKQSDm45CZr9fanJ4F6ckD4yDEPT98SrjvLwIqUCgg==}
    engines: {node: '>=12'}
    cpu: [riscv64]
    os: [linux]

  '@esbuild/linux-s390x@0.20.1':
    resolution: {integrity: sha512-5BepC2Au80EohQ2dBpyTquqGCES7++p7G+7lXe1bAIvMdXm4YYcEfZtQrP4gaoZ96Wv1Ute61CEHFU7h4FMueQ==}
    engines: {node: '>=12'}
    cpu: [s390x]
    os: [linux]

  '@esbuild/linux-x64@0.20.1':
    resolution: {integrity: sha512-5gRPk7pKuaIB+tmH+yKd2aQTRpqlf1E4f/mC+tawIm/CGJemZcHZpp2ic8oD83nKgUPMEd0fNanrnFljiruuyA==}
    engines: {node: '>=12'}
    cpu: [x64]
    os: [linux]

  '@esbuild/netbsd-x64@0.20.1':
    resolution: {integrity: sha512-4fL68JdrLV2nVW2AaWZBv3XEm3Ae3NZn/7qy2KGAt3dexAgSVT+Hc97JKSZnqezgMlv9x6KV0ZkZY7UO5cNLCg==}
    engines: {node: '>=12'}
    cpu: [x64]
    os: [netbsd]

  '@esbuild/openbsd-x64@0.20.1':
    resolution: {integrity: sha512-GhRuXlvRE+twf2ES+8REbeCb/zeikNqwD3+6S5y5/x+DYbAQUNl0HNBs4RQJqrechS4v4MruEr8ZtAin/hK5iw==}
    engines: {node: '>=12'}
    cpu: [x64]
    os: [openbsd]

  '@esbuild/sunos-x64@0.20.1':
    resolution: {integrity: sha512-ZnWEyCM0G1Ex6JtsygvC3KUUrlDXqOihw8RicRuQAzw+c4f1D66YlPNNV3rkjVW90zXVsHwZYWbJh3v+oQFM9Q==}
    engines: {node: '>=12'}
    cpu: [x64]
    os: [sunos]

  '@esbuild/win32-arm64@0.20.1':
    resolution: {integrity: sha512-QZ6gXue0vVQY2Oon9WyLFCdSuYbXSoxaZrPuJ4c20j6ICedfsDilNPYfHLlMH7vGfU5DQR0czHLmJvH4Nzis/A==}
    engines: {node: '>=12'}
    cpu: [arm64]
    os: [win32]

  '@esbuild/win32-ia32@0.20.1':
    resolution: {integrity: sha512-HzcJa1NcSWTAU0MJIxOho8JftNp9YALui3o+Ny7hCh0v5f90nprly1U3Sj1Ldj/CvKKdvvFsCRvDkpsEMp4DNw==}
    engines: {node: '>=12'}
    cpu: [ia32]
    os: [win32]

  '@esbuild/win32-x64@0.20.1':
    resolution: {integrity: sha512-0MBh53o6XtI6ctDnRMeQ+xoCN8kD2qI1rY1KgF/xdWQwoFeKou7puvDfV8/Wv4Ctx2rRpET/gGdz3YlNtNACSA==}
    engines: {node: '>=12'}
    cpu: [x64]
    os: [win32]

  '@types/node@18.19.45':
    resolution: {integrity: sha512-VZxPKNNhjKmaC1SUYowuXSRSMGyQGmQjvvA1xE4QZ0xce2kLtEhPDS+kqpCPBZYgqblCLQ2DAjSzmgCM5auvhA==}

  '@types/vscode@1.92.0':
    resolution: {integrity: sha512-DcZoCj17RXlzB4XJ7IfKdPTcTGDLYvTOcTNkvtjXWF+K2TlKzHHkBEXNWQRpBIXixNEUgx39cQeTFunY0E2msw==}

  ansi-purge@1.0.0:
    resolution: {integrity: sha512-kbm4dtp1jcI8ZWhttEPzmga9fwbhGMinIDghOcBng5q9dOsnM6PYV3ih+5TO4D7inGXU9zBmVi7x1Z4dluY85Q==}

  atomically@2.0.3:
    resolution: {integrity: sha512-kU6FmrwZ3Lx7/7y3hPS5QnbJfaohcIul5fGqf7ok+4KklIEk9tJ0C2IQPdacSbVUWv6zVHXEBWoWd6NrVMT7Cw==}

  dettle@1.0.4:
    resolution: {integrity: sha512-ktaWiLYYc/ajSa819+HxwABpqtk3dGIAmo5CbHvT3B6XyQSM7VNGDvCPNu94Ptc+Ti4tjTvAKRUCXU/lrVG4WQ==}

  esbuild@0.20.1:
    resolution: {integrity: sha512-OJwEgrpWm/PCMsLVWXKqvcjme3bHNpOgN7Tb6cQnR5n0TPbQx1/Xrn7rqM+wn17bYeT6MGB5sn1Bh5YiGi70nA==}
    engines: {node: '>=12'}
    hasBin: true

  fast-string-truncated-width@1.1.0:
    resolution: {integrity: sha512-FfsFREOllHpnSl6cxpLi6wvqd9UebrZPxWlOJCCcWoOJzy02xyjPbafF9tyg2Usnf3GLmRr5Q6s7n+GO+6VB5A==}

  fast-string-width@1.0.5:
    resolution: {integrity: sha512-rO3M39p2w0AaF81drD42Q+v77cyhUKWixavoTAsORzYtjMIHhZ33KgdsjEaxMBwI0zI0zLUNBL0CYqVMipXp4g==}

  find-up-json@2.0.4:
    resolution: {integrity: sha512-ABaCm3V1H5UYRHtClHvFFyxPIAC/bxd43tKwmcSco8/EuM5O7zDL2R7ORaA+rEltwgxoNOIK8LQFwQUfA/2GIw==}

  find-up-path@1.0.0:
    resolution: {integrity: sha512-cjXDXnYfEezIqqbzctBNNqUax/rRCyNo/VTCFId3Hp9FyVL4uk0PvWrs7Xibtl2E4P5HnWnlxxJsbHqK6DsDPw==}

  get-current-package@1.0.0:
    resolution: {integrity: sha512-mEZ43mmPMdRz+7vouBd/fhnEMRF0omBzcwwwf2GmbWSeZJGdWHRp9RGLZxW7ZnnZ14jPc3GreHh0s/7u7PZJpQ==}

  ionstore@1.0.0:
    resolution: {integrity: sha512-ikEvmeZFh9u5SkjKbFqJlmmhaQTulB3P7QoSoZ/xL8EDP5uj5QWbPeKcQ8ZJtszBLHRRnhIJJE8P1dhFx/oCMw==}

  nanoexec@1.0.0:
    resolution: {integrity: sha512-+4Io3s0Q2HxTX2s/96pevUeCaAWc+EIGp9aaBPb4sc7i6UX4eMR4Sr4y9Qe30o9q9TUEiVwlfG+VDSSwqGLKtg==}
    peerDependencies:
      '@types/node': '*'

  promise-make-counter@1.0.1:
    resolution: {integrity: sha512-R1JGFIgSJDpNV/JXxytAx6K79noEpcBiZXWDa3ic9WEMpBZbUdVVQjlA266SCicJ9CGqd70iGbbzbjRKbGU1Jg==}

  promise-make-naked@3.0.0:
    resolution: {integrity: sha512-h71wwAMB2udFnlPmcxQMqKl6CckNLVKdk/ROtFivE6/VmW+rQKV0DWlGJ6VphRIoq22Tkonvdi3F+jlm5XDlow==}

  scex@1.1.0:
    resolution: {integrity: sha512-0V+ra841GHTfoZnF9yxuRmi8jbJ7tCU5yJKkhudkUhoxrkj9+tol0AMvnGjZbuhXEi8OGB553wP8Cxm6E83Yyw==}
    hasBin: true

  specialist@1.4.0:
    resolution: {integrity: sha512-RO76zlzjdw4acNYH2oiDqmSc3jQTymiJapNI6w47XB1iOKOaWIYA+eZ07b8pCPCsHZPwNdxHTJihS0LHFelFOA==}

  stubborn-fs@1.2.5:
    resolution: {integrity: sha512-H2N9c26eXjzL/S/K+i/RHHcFanE74dptvvjM8iwzwbVcWY/zjBbgRqF3K0DY4+OD+uTTASTBvDoxPDaPN02D7g==}

  tiny-bin@1.8.0:
    resolution: {integrity: sha512-s9Kta7UPyG+9sXx4Si0LYLum7g1bFh1tX1wqDC9k522XheSPsYx296iNBtUwK4ZC4aIb4q7Drx8RpH8fXvcphg==}

  tiny-browser-open@1.0.1:
    resolution: {integrity: sha512-Bd6mnJf4LBlrLEafKCtVSrC899zK9M7iNBgXM6JrcdO2VnL8v+UKq8CsFDZ+vzhP3JXqMgGGsZo+8AV0BI+RyA==}

  tiny-colors@2.2.1:
    resolution: {integrity: sha512-TfI6HAOtUH6SEIDF8hlztirPlbGKShLhKmSf8Wne0M8bvVFdleHuVhBZkR3UqJKhKs9oIkJYigv4yRaxHnoATQ==}

  tiny-jsonc@1.0.1:
    resolution: {integrity: sha512-ik6BCxzva9DoiEfDX/li0L2cWKPPENYvixUprFdl3YPi4bZZUhDnNI9YUkacrv+uIG90dnxR5mNqaoD6UhD6Bw==}

  tiny-levenshtein@1.0.0:
    resolution: {integrity: sha512-27KxXZhuXCP+xol3k4jMWms8+B6H2qEUlBMTmB5YT3uvFXFNft4Hw/MqurrHkDdC01nx1HIADcE1wR40byJf4Q==}

  tiny-open@1.1.1:
    resolution: {integrity: sha512-bEnxlKS6jwmFjfdFXJCujLQ/lmYdNCNAIyx7TQOkRukzbTpI05BNTVNdaFNqpa2JRW9noZKrgu3j+qsPWEO47A==}

  tiny-parse-argv@2.5.1:
    resolution: {integrity: sha512-17iZ7xkctAAVfaF6+UoeDp84YeHoA7LIKeH8djDXOD9CFUHkn/mXOusAhc7XyI624CE/3ZEBlomM7QBL4k+f1A==}

  tiny-readdir@2.7.3:
    resolution: {integrity: sha512-ae1CPk7/MRhdaSIfjytuCoCjcykCNfSH36MsD2Qq8A27apaVUV0nthOcCEjiBTTloBObq2ffvm0BycUayMWh3A==}

  tiny-updater@3.5.2:
    resolution: {integrity: sha512-5EjK01h0rvgv+Eb0XaiTZJZR+ujdjCDHZ1ZCVCu+1h4+MyOYZ+za8UKuKdNOOOSKhkkC9B08o6ZhF4JnQg7ZLg==}

  tsex@3.2.1:
    resolution: {integrity: sha512-Qtxlma+ylfx9uaHlZQkJcukFp8y1LWXsXJxT7lz2GgLZ+5G+Ebz3NOUDAW7+0sqgWSZXAG/tDfczyR9PMUuHDg==}
    hasBin: true

  typescript@5.5.4:
    resolution: {integrity: sha512-Mtq29sKDAEYP7aljRgtPOpTvOfbwRWlS6dPRzwjdE+C0R4brX/GUyhHSecbHMFLNBLcJIPt9nl9yG5TZ1weH+Q==}
    engines: {node: '>=14.17'}
    hasBin: true

  undici-types@5.26.5:
    resolution: {integrity: sha512-JlCMO+ehdEIKqlFxk6IfVoAUVmgz7cU7zD/h9XZ0qzeosSHmUJVOzSQvvYSYWXkFXC+IfLKSIffhv0sVZup6pA==}

  vscode-extras@1.8.1:
    resolution: {integrity: sha512-WvUtaxjt3XHqlmzkY63iLyEfvgvYFzYkrE6pKXip4qbmw6VJ9qzeyyWdLNbv7XIuF+MXTdTkhJPTUSg/J3ASzw==}

  watcher@2.3.1:
    resolution: {integrity: sha512-d3yl+ey35h05r5EFP0TafE2jsmQUJ9cc2aernRVyAkZiu0J3+3TbNugNcqdUJDoWOfL2p+bNsN427stsBC/HnA==}

  when-exit@2.1.3:
    resolution: {integrity: sha512-uVieSTccFIr/SFQdFWN/fFaQYmV37OKtuaGphMAzi4DmmUlrvRBJW5WSLkHyjNQY/ePJMz3LoiX9R3yy1Su6Hw==}

snapshots:

  '@esbuild/aix-ppc64@0.20.1':
    optional: true

  '@esbuild/android-arm64@0.20.1':
    optional: true

  '@esbuild/android-arm@0.20.1':
    optional: true

  '@esbuild/android-x64@0.20.1':
    optional: true

  '@esbuild/darwin-arm64@0.20.1':
    optional: true

  '@esbuild/darwin-x64@0.20.1':
    optional: true

  '@esbuild/freebsd-arm64@0.20.1':
    optional: true

  '@esbuild/freebsd-x64@0.20.1':
    optional: true

  '@esbuild/linux-arm64@0.20.1':
    optional: true

  '@esbuild/linux-arm@0.20.1':
    optional: true

  '@esbuild/linux-ia32@0.20.1':
    optional: true

  '@esbuild/linux-loong64@0.20.1':
    optional: true

  '@esbuild/linux-mips64el@0.20.1':
    optional: true

  '@esbuild/linux-ppc64@0.20.1':
    optional: true

  '@esbuild/linux-riscv64@0.20.1':
    optional: true

  '@esbuild/linux-s390x@0.20.1':
    optional: true

  '@esbuild/linux-x64@0.20.1':
    optional: true

  '@esbuild/netbsd-x64@0.20.1':
    optional: true

  '@esbuild/openbsd-x64@0.20.1':
    optional: true

  '@esbuild/sunos-x64@0.20.1':
    optional: true

  '@esbuild/win32-arm64@0.20.1':
    optional: true

  '@esbuild/win32-ia32@0.20.1':
    optional: true

  '@esbuild/win32-x64@0.20.1':
    optional: true

  '@types/node@18.19.45':
    dependencies:
      undici-types: 5.26.5

  '@types/vscode@1.92.0': {}

  ansi-purge@1.0.0: {}

  atomically@2.0.3:
    dependencies:
      stubborn-fs: 1.2.5
      when-exit: 2.1.3

  dettle@1.0.4: {}

  esbuild@0.20.1:
    optionalDependencies:
      '@esbuild/aix-ppc64': 0.20.1
      '@esbuild/android-arm': 0.20.1
      '@esbuild/android-arm64': 0.20.1
      '@esbuild/android-x64': 0.20.1
      '@esbuild/darwin-arm64': 0.20.1
      '@esbuild/darwin-x64': 0.20.1
      '@esbuild/freebsd-arm64': 0.20.1
      '@esbuild/freebsd-x64': 0.20.1
      '@esbuild/linux-arm': 0.20.1
      '@esbuild/linux-arm64': 0.20.1
      '@esbuild/linux-ia32': 0.20.1
      '@esbuild/linux-loong64': 0.20.1
      '@esbuild/linux-mips64el': 0.20.1
      '@esbuild/linux-ppc64': 0.20.1
      '@esbuild/linux-riscv64': 0.20.1
      '@esbuild/linux-s390x': 0.20.1
      '@esbuild/linux-x64': 0.20.1
      '@esbuild/netbsd-x64': 0.20.1
      '@esbuild/openbsd-x64': 0.20.1
      '@esbuild/sunos-x64': 0.20.1
      '@esbuild/win32-arm64': 0.20.1
      '@esbuild/win32-ia32': 0.20.1
      '@esbuild/win32-x64': 0.20.1

  fast-string-truncated-width@1.1.0: {}

  fast-string-width@1.0.5:
    dependencies:
      fast-string-truncated-width: 1.1.0

  find-up-json@2.0.4:
    dependencies:
      find-up-path: 1.0.0

  find-up-path@1.0.0: {}

  get-current-package@1.0.0:
    dependencies:
      find-up-json: 2.0.4

  ionstore@1.0.0: {}

  nanoexec@1.0.0(@types/node@18.19.45):
    dependencies:
      '@types/node': 18.19.45

  promise-make-counter@1.0.1:
    dependencies:
      promise-make-naked: 3.0.0

  promise-make-naked@3.0.0: {}

  scex@1.1.0:
    dependencies:
      find-up-json: 2.0.4
      specialist: 1.4.0
      when-exit: 2.1.3

  specialist@1.4.0:
    dependencies:
      tiny-bin: 1.8.0
      tiny-colors: 2.2.1
      tiny-parse-argv: 2.5.1
      tiny-updater: 3.5.2

  stubborn-fs@1.2.5: {}

  tiny-bin@1.8.0:
    dependencies:
      ansi-purge: 1.0.0
      fast-string-width: 1.0.5
      get-current-package: 1.0.0
      tiny-colors: 2.2.1
      tiny-levenshtein: 1.0.0
      tiny-parse-argv: 2.5.1
      tiny-updater: 3.5.2

  tiny-browser-open@1.0.1:
    dependencies:
      tiny-open: 1.1.1

  tiny-colors@2.2.1: {}

  tiny-jsonc@1.0.1: {}

  tiny-levenshtein@1.0.0: {}

  tiny-open@1.1.1: {}

  tiny-parse-argv@2.5.1: {}

  tiny-readdir@2.7.3:
    dependencies:
      promise-make-counter: 1.0.1

  tiny-updater@3.5.2:
    dependencies:
      ionstore: 1.0.0
      tiny-colors: 2.2.1
      when-exit: 2.1.3

  tsex@3.2.1:
    dependencies:
      atomically: 2.0.3
      dettle: 1.0.4
      specialist: 1.4.0
      tiny-jsonc: 1.0.1
      tiny-readdir: 2.7.3
      watcher: 2.3.1

  typescript@5.5.4: {}

  undici-types@5.26.5: {}

  vscode-extras@1.8.1(@types/node@18.19.45):
    dependencies:
      find-up-json: 2.0.4
      find-up-path: 1.0.0
      nanoexec: 1.0.0(@types/node@18.19.45)
      tiny-browser-open: 1.0.1
      tiny-open: 1.1.1
    transitivePeerDependencies:
      - '@types/node'

  watcher@2.3.1:
    dependencies:
      dettle: 1.0.4
      stubborn-fs: 1.2.5
      tiny-readdir: 2.7.3

  when-exit@2.1.3: {}
